
Microsoft Visual Studio Solution File, Format Version 12.00
# Visual Studio Version 17
VisualStudioVersion = 17.4.33213.308
MinimumVisualStudioVersion = 10.0.40219.1
Project("{FAE04EC0-301F-11D3-BF4B-00C04F79EFBC}") = "LinkedList-CRUD", "LinkedList-CRUD\LinkedList-CRUD.csproj", "{8332067C-17AD-40E4-A80A-29AFA47C883A}"
EndProject
Global
	GlobalSection(SolutionConfigurationPlatforms) = preSolution
		Debug|Any CPU = Debug|Any CPU
		Release|Any CPU = Release|Any CPU
	EndGlobalSection
	GlobalSection(ProjectConfigurationPlatforms) = postSolution
		{8332067C-17AD-40E4-A80A-29AFA47C883A}.Debug|Any CPU.ActiveCfg = Debug|Any CPU
		{8332067C-17AD-40E4-A80A-29AFA47C883A}.Debug|Any CPU.Build.0 = Debug|Any CPU
		{8332067C-17AD-40E4-A80A-29AFA47C883A}.Release|Any CPU.ActiveCfg = Release|Any CPU
		{8332067C-17AD-40E4-A80A-29AFA47C883A}.Release|Any CPU.Build.0 = Release|Any CPU
	EndGlobalSection
	GlobalSection(SolutionProperties) = preSolution
		HideSolutionNode = FALSE
	EndGlobalSection
	GlobalSection(ExtensibilityGlobals) = postSolution
		SolutionGuid = {F7EEE228-13D3-4B8B-877A-9A4938B5A9CF}
	EndGlobalSection
EndGlobal
